{
  "name": "backend_cine",
  "lockfileVersion": 3,
  "requires": true,
  "packages": {
    "": {
      "name": "backend_cine",
      "version": "1.0.0",
      "license": "ISC",
      "dependencies": {
        "cors": "^2.8.6",
        "dotenv": "^17.4.2",
        "express": "^5.2.1",
        "mysql2": "^3.22.3"
      }
    }
  }
}